
Microsoft Visual Studio Solution File, Format Version 12.00
# Visual Studio 2015
Project("{FAE04EC0-301F-11D3-BF4B-00C04F79EFBC}") = "Force.CSharp.Plugins", "Force.CSharp.Plugins.csproj", "{F7190143-60DF-B724-78FB-17AF45820D82}"
EndProject
Project("{FAE04EC0-301F-11D3-BF4B-00C04F79EFBC}") = "Force.CSharp", "Force.CSharp.csproj", "{660EC654-6F40-3116-A519-A5676963ED09}"
EndProject
Project("{FAE04EC0-301F-11D3-BF4B-00C04F79EFBC}") = "Force.CSharp.Editor", "Force.CSharp.Editor.csproj", "{5C094D1B-6912-C7A7-4CC8-BC66380F6108}"
EndProject
Global
	GlobalSection(SolutionConfigurationPlatforms) = preSolution
		Debug|Any CPU = Debug|Any CPU
		Release|Any CPU = Release|Any CPU
	EndGlobalSection
	GlobalSection(ProjectConfigurationPlatforms) = postSolution
		{F7190143-60DF-B724-78FB-17AF45820D82}.Debug|Any CPU.ActiveCfg = Debug|Any CPU
		{F7190143-60DF-B724-78FB-17AF45820D82}.Debug|Any CPU.Build.0 = Debug|Any CPU
		{F7190143-60DF-B724-78FB-17AF45820D82}.Release|Any CPU.ActiveCfg = Release|Any CPU
		{F7190143-60DF-B724-78FB-17AF45820D82}.Release|Any CPU.Build.0 = Release|Any CPU
		{660EC654-6F40-3116-A519-A5676963ED09}.Debug|Any CPU.ActiveCfg = Debug|Any CPU
		{660EC654-6F40-3116-A519-A5676963ED09}.Debug|Any CPU.Build.0 = Debug|Any CPU
		{660EC654-6F40-3116-A519-A5676963ED09}.Release|Any CPU.ActiveCfg = Release|Any CPU
		{660EC654-6F40-3116-A519-A5676963ED09}.Release|Any CPU.Build.0 = Release|Any CPU
		{5C094D1B-6912-C7A7-4CC8-BC66380F6108}.Debug|Any CPU.ActiveCfg = Debug|Any CPU
		{5C094D1B-6912-C7A7-4CC8-BC66380F6108}.Debug|Any CPU.Build.0 = Debug|Any CPU
		{5C094D1B-6912-C7A7-4CC8-BC66380F6108}.Release|Any CPU.ActiveCfg = Release|Any CPU
		{5C094D1B-6912-C7A7-4CC8-BC66380F6108}.Release|Any CPU.Build.0 = Release|Any CPU
	EndGlobalSection
	GlobalSection(SolutionProperties) = preSolution
		HideSolutionNode = FALSE
	EndGlobalSection
EndGlobal
